# This file is automatically @generated by Cargo.
# It is not intended for manual editing.
version = 3

[[package]]
name = "bootloader"
version = "0.2.0"

[[package]]
name = "game"
version = "0.2.0"
dependencies = [
 "kernel",
 "n64-pac",
]

[[package]]
name = "kernel"
version = "0.2.0"
dependencies = [
 "num_enum 0.7.0",
 "proc-bitfield 0.3.0",
]

[[package]]
name = "n64-pac"
version = "0.3.3"
source = "registry+https://github.com/rust-lang/crates.io-index"
checksum = "87a871a612d142891cb52ac8379da77045d957b14ed350d136f3be50a8555809"
dependencies = [
 "num_enum 0.5.11",
 "paste",
 "proc-bitfield 0.2.4",
]

[[package]]
name = "num_enum"
version = "0.5.11"
source = "registry+https://github.com/rust-lang/crates.io-index"
checksum = "1f646caf906c20226733ed5b1374287eb97e3c2a5c227ce668c1f2ce20ae57c9"
dependencies = [
 "num_enum_derive 0.5.11",
]

[[package]]
name = "num_enum"
version = "0.7.0"
source = "registry+https://github.com/rust-lang/crates.io-index"
checksum = "70bf6736f74634d299d00086f02986875b3c2d924781a6a2cb6c201e73da0ceb"
dependencies = [
 "num_enum_derive 0.7.0",
]

[[package]]
name = "num_enum_derive"
version = "0.5.11"
source = "registry+https://github.com/rust-lang/crates.io-index"
checksum = "dcbff9bc912032c62bf65ef1d5aea88983b420f4f839db1e9b0c281a25c9c799"
dependencies = [
 "proc-macro2",
 "quote",
 "syn 1.0.109",
]

[[package]]
name = "num_enum_derive"
version = "0.7.0"
source = "registry+https://github.com/rust-lang/crates.io-index"
checksum = "56ea360eafe1022f7cc56cd7b869ed57330fb2453d0c7831d99b74c65d2f5597"
dependencies = [
 "proc-macro2",
 "quote",
 "syn 2.0.38",
]

[[package]]
name = "paste"
version = "1.0.14"
source = "registry+https://github.com/rust-lang/crates.io-index"
checksum = "de3145af08024dea9fa9914f381a17b8fc6034dfb00f3a84013f7ff43f29ed4c"

[[package]]
name = "proc-bitfield"
version = "0.2.4"
source = "registry+https://github.com/rust-lang/crates.io-index"
checksum = "095c6eb206c97ddef87ce3d7e3e492b017093d80bce62317afdf0665df514ade"
dependencies = [
 "proc-bitfield-macros 0.2.3",
 "static_assertions",
]

[[package]]
name = "proc-bitfield"
version = "0.3.0"
source = "registry+https://github.com/rust-lang/crates.io-index"
checksum = "a2aff80d4076e24a664e294bb4c45e2c00107c2072c7de71ae0e30659cf01bd4"
dependencies = [
 "proc-bitfield-macros 0.3.0",
 "static_assertions",
]

[[package]]
name = "proc-bitfield-macros"
version = "0.2.3"
source = "registry+https://github.com/rust-lang/crates.io-index"
checksum = "89409e6b315ead7f4c4d9a79e27dc1e11272f930cbb1fb3d31f2fc64671deb77"
dependencies = [
 "quote",
 "syn 1.0.109",
]

[[package]]
name = "proc-bitfield-macros"
version = "0.3.0"
source = "registry+https://github.com/rust-lang/crates.io-index"
checksum = "042b2342e993ca4ed4e7bf95d6b5c9e1e96ed8b16b18591232cc5982588046b4"
dependencies = [
 "quote",
 "syn 2.0.38",
]

[[package]]
name = "proc-macro2"
version = "1.0.68"
source = "registry+https://github.com/rust-lang/crates.io-index"
checksum = "5b1106fec09662ec6dd98ccac0f81cef56984d0b49f75c92d8cbad76e20c005c"
dependencies = [
 "unicode-ident",
]

[[package]]
name = "quote"
version = "1.0.33"
source = "registry+https://github.com/rust-lang/crates.io-index"
checksum = "5267fca4496028628a95160fc423a33e8b2e6af8a5302579e322e4b520293cae"
dependencies = [
 "proc-macro2",
]

[[package]]
name = "static_assertions"
version = "1.1.0"
source = "registry+https://github.com/rust-lang/crates.io-index"
checksum = "a2eb9349b6444b326872e140eb1cf5e7c522154d69e7a0ffb0fb81c06b37543f"

[[package]]
name = "syn"
version = "1.0.109"
source = "registry+https://github.com/rust-lang/crates.io-index"
checksum = "72b64191b275b66ffe2469e8af2c1cfe3bafa67b529ead792a6d0160888b4237"
dependencies = [
 "proc-macro2",
 "quote",
 "unicode-ident",
]

[[package]]
name = "syn"
version = "2.0.38"
source = "registry+https://github.com/rust-lang/crates.io-index"
checksum = "e96b79aaa137db8f61e26363a0c9b47d8b4ec75da28b7d1d614c2303e232408b"
dependencies = [
 "proc-macro2",
 "quote",
 "unicode-ident",
]

[[package]]
name = "unicode-ident"
version = "1.0.12"
source = "registry+https://github.com/rust-lang/crates.io-index"
checksum = "3354b9ac3fae1ff6755cb6db53683adb661634f67557942dea4facebec0fee4b"
