# This file is automatically @generated by Cargo.
# It is not intended for manual editing.
version = 3

[[package]]
name = "bootloader"
version = "0.0.1"
dependencies = [
 "lib-kernel",
]

[[package]]
name = "cpu-kernel"
version = "0.0.1"
dependencies = [
 "lib-kernel",
]

[[package]]
name = "lib-kernel"
version = "0.0.1"

[[package]]
name = "rcp-kernel"
version = "0.0.1"
dependencies = [
 "lib-kernel",
]
